
Microsoft Visual Studio Solution File, Format Version 12.00
# Visual Studio Version 17
VisualStudioVersion = 17.2.32526.322
MinimumVisualStudioVersion = 10.0.40219.1
Project("{2150E333-8FDC-42A3-9474-1A3956D46DE8}") = "src", "src", "{B4B40F48-7E1C-44A0-B406-785EFDACEC05}"
EndProject
Project("{2150E333-8FDC-42A3-9474-1A3956D46DE8}") = "Api", "Api", "{F52D56BD-9E86-4659-AE06-3354F4CD66EC}"
EndProject
Project("{2150E333-8FDC-42A3-9474-1A3956D46DE8}") = "Core", "Core", "{234649CC-FA9E-4B01-AC23-C12C1D9A18BD}"
EndProject
Project("{2150E333-8FDC-42A3-9474-1A3956D46DE8}") = "Infrastructure", "Infrastructure", "{94EC700A-D56D-4B52-B99F-73C3646E96A8}"
EndProject
Project("{2150E333-8FDC-42A3-9474-1A3956D46DE8}") = "Test", "Test", "{C17FF164-FD35-4457-94BF-8986088769F1}"
EndProject
Project("{FAE04EC0-301F-11D3-BF4B-00C04F79EFBC}") = "Infrastructure", "Infrastructure\Infrastructure.csproj", "{A6C39E1C-0FB9-4A43-87AF-1EBDACACB4B9}"
EndProject
Project("{FAE04EC0-301F-11D3-BF4B-00C04F79EFBC}") = "Persistence", "Persistence\Persistence.csproj", "{EDC0A1DF-3EC7-49BF-A9F2-1F79C07DE8E6}"
EndProject
Project("{FAE04EC0-301F-11D3-BF4B-00C04F79EFBC}") = "Application", "Application\Application.csproj", "{95F0DEFD-D8B4-486C-963D-94A53192557A}"
EndProject
Project("{FAE04EC0-301F-11D3-BF4B-00C04F79EFBC}") = "Domain", "Domain\Domain.csproj", "{33204935-86BC-46C9-A729-0BE068637AB9}"
EndProject
Project("{FAE04EC0-301F-11D3-BF4B-00C04F79EFBC}") = "Api", "Api\Api.csproj", "{6001C821-E33E-4117-A38B-CF276E88BD76}"
EndProject
Project("{FAE04EC0-301F-11D3-BF4B-00C04F79EFBC}") = "test", "test\test.csproj", "{34CC7E7D-797A-4972-A561-C14818F84902}"
EndProject
Global
	GlobalSection(SolutionConfigurationPlatforms) = preSolution
		Debug|Any CPU = Debug|Any CPU
		Release|Any CPU = Release|Any CPU
	EndGlobalSection
	GlobalSection(ProjectConfigurationPlatforms) = postSolution
		{A6C39E1C-0FB9-4A43-87AF-1EBDACACB4B9}.Debug|Any CPU.ActiveCfg = Debug|Any CPU
		{A6C39E1C-0FB9-4A43-87AF-1EBDACACB4B9}.Debug|Any CPU.Build.0 = Debug|Any CPU
		{A6C39E1C-0FB9-4A43-87AF-1EBDACACB4B9}.Release|Any CPU.ActiveCfg = Release|Any CPU
		{A6C39E1C-0FB9-4A43-87AF-1EBDACACB4B9}.Release|Any CPU.Build.0 = Release|Any CPU
		{EDC0A1DF-3EC7-49BF-A9F2-1F79C07DE8E6}.Debug|Any CPU.ActiveCfg = Debug|Any CPU
		{EDC0A1DF-3EC7-49BF-A9F2-1F79C07DE8E6}.Debug|Any CPU.Build.0 = Debug|Any CPU
		{EDC0A1DF-3EC7-49BF-A9F2-1F79C07DE8E6}.Release|Any CPU.ActiveCfg = Release|Any CPU
		{EDC0A1DF-3EC7-49BF-A9F2-1F79C07DE8E6}.Release|Any CPU.Build.0 = Release|Any CPU
		{95F0DEFD-D8B4-486C-963D-94A53192557A}.Debug|Any CPU.ActiveCfg = Debug|Any CPU
		{95F0DEFD-D8B4-486C-963D-94A53192557A}.Debug|Any CPU.Build.0 = Debug|Any CPU
		{95F0DEFD-D8B4-486C-963D-94A53192557A}.Release|Any CPU.ActiveCfg = Release|Any CPU
		{95F0DEFD-D8B4-486C-963D-94A53192557A}.Release|Any CPU.Build.0 = Release|Any CPU
		{33204935-86BC-46C9-A729-0BE068637AB9}.Debug|Any CPU.ActiveCfg = Debug|Any CPU
		{33204935-86BC-46C9-A729-0BE068637AB9}.Debug|Any CPU.Build.0 = Debug|Any CPU
		{33204935-86BC-46C9-A729-0BE068637AB9}.Release|Any CPU.ActiveCfg = Release|Any CPU
		{33204935-86BC-46C9-A729-0BE068637AB9}.Release|Any CPU.Build.0 = Release|Any CPU
		{6001C821-E33E-4117-A38B-CF276E88BD76}.Debug|Any CPU.ActiveCfg = Debug|Any CPU
		{6001C821-E33E-4117-A38B-CF276E88BD76}.Debug|Any CPU.Build.0 = Debug|Any CPU
		{6001C821-E33E-4117-A38B-CF276E88BD76}.Release|Any CPU.ActiveCfg = Release|Any CPU
		{6001C821-E33E-4117-A38B-CF276E88BD76}.Release|Any CPU.Build.0 = Release|Any CPU
		{34CC7E7D-797A-4972-A561-C14818F84902}.Debug|Any CPU.ActiveCfg = Debug|Any CPU
		{34CC7E7D-797A-4972-A561-C14818F84902}.Debug|Any CPU.Build.0 = Debug|Any CPU
		{34CC7E7D-797A-4972-A561-C14818F84902}.Release|Any CPU.ActiveCfg = Release|Any CPU
		{34CC7E7D-797A-4972-A561-C14818F84902}.Release|Any CPU.Build.0 = Release|Any CPU
	EndGlobalSection
	GlobalSection(SolutionProperties) = preSolution
		HideSolutionNode = FALSE
	EndGlobalSection
	GlobalSection(NestedProjects) = preSolution
		{F52D56BD-9E86-4659-AE06-3354F4CD66EC} = {B4B40F48-7E1C-44A0-B406-785EFDACEC05}
		{234649CC-FA9E-4B01-AC23-C12C1D9A18BD} = {B4B40F48-7E1C-44A0-B406-785EFDACEC05}
		{94EC700A-D56D-4B52-B99F-73C3646E96A8} = {B4B40F48-7E1C-44A0-B406-785EFDACEC05}
		{C17FF164-FD35-4457-94BF-8986088769F1} = {B4B40F48-7E1C-44A0-B406-785EFDACEC05}
		{A6C39E1C-0FB9-4A43-87AF-1EBDACACB4B9} = {94EC700A-D56D-4B52-B99F-73C3646E96A8}
		{EDC0A1DF-3EC7-49BF-A9F2-1F79C07DE8E6} = {94EC700A-D56D-4B52-B99F-73C3646E96A8}
		{95F0DEFD-D8B4-486C-963D-94A53192557A} = {234649CC-FA9E-4B01-AC23-C12C1D9A18BD}
		{33204935-86BC-46C9-A729-0BE068637AB9} = {234649CC-FA9E-4B01-AC23-C12C1D9A18BD}
		{6001C821-E33E-4117-A38B-CF276E88BD76} = {F52D56BD-9E86-4659-AE06-3354F4CD66EC}
		{34CC7E7D-797A-4972-A561-C14818F84902} = {C17FF164-FD35-4457-94BF-8986088769F1}
	EndGlobalSection
	GlobalSection(ExtensibilityGlobals) = postSolution
		SolutionGuid = {F7548CCD-7CCA-4587-8832-9F82EB2A8105}
	EndGlobalSection
EndGlobal
